
Microsoft Visual Studio Solution File, Format Version 12.00
# Visual Studio 2013
VisualStudioVersion = 12.0.31101.0
MinimumVisualStudioVersion = 10.0.40219.1
Project("{8BC9CEB8-8B4A-11D0-8D11-00A0C91BC942}") = "Deathwing_Effect", "Deathwing_Effect.vcxproj", "{9A8623AD-D86A-4B6F-BB89-0E910B68CC75}"
EndProject
Global
	GlobalSection(SolutionConfigurationPlatforms) = preSolution
		Debug|Win32 = Debug|Win32
		Release|Win32 = Release|Win32
	EndGlobalSection
	GlobalSection(ProjectConfigurationPlatforms) = postSolution
		{9A8623AD-D86A-4B6F-BB89-0E910B68CC75}.Debug|Win32.ActiveCfg = Debug|Win32
		{9A8623AD-D86A-4B6F-BB89-0E910B68CC75}.Debug|Win32.Build.0 = Debug|Win32
		{9A8623AD-D86A-4B6F-BB89-0E910B68CC75}.Release|Win32.ActiveCfg = Release|Win32
		{9A8623AD-D86A-4B6F-BB89-0E910B68CC75}.Release|Win32.Build.0 = Release|Win32
	EndGlobalSection
	GlobalSection(SolutionProperties) = preSolution
		HideSolutionNode = FALSE
	EndGlobalSection
EndGlobal
